// !$*UTF8*$!
{
	archiveVersion = 1;
	classes = {
	};
	objectVersion = 50;
	objects = {

/* Begin PBXBuildFile section */
		48DB74D125FE925E00A23285 /* TDDFramework.framework in Frameworks */ = {isa = PBXBuildFile; fileRef = 48DB74C725FE925E00A23285 /* TDDFramework.framework */; };
		48DB74D625FE925E00A23285 /* TDDFrameworkTests.swift in Sources */ = {isa = PBXBuildFile; fileRef = 48DB74D525FE925E00A23285 /* TDDFrameworkTests.swift */; };
		48DB74D825FE925E00A23285 /* TDDFramework.h in Headers */ = {isa = PBXBuildFile; fileRef = 48DB74CA25FE925E00A23285 /* TDDFramework.h */; settings = {ATTRIBUTES = (Public, ); }; };
/* End PBXBuildFile section */

/* Begin PBXContainerItemProxy section */
		48DB74D225FE925E00A23285 /* PBXContainerItemProxy */ = {
			isa = PBXContainerItemProxy;
			containerPortal = 48DB74BE25FE925E00A23285 /* Project object */;
			proxyType = 1;
			remoteGlobalIDString = 48DB74C625FE925E00A23285;
			remoteInfo = TDDFramework;
		};
/* End PBXContainerItemProxy section */

/* Begin PBXFileReference section */
		48DB74C725FE925E00A23285 /* TDDFramework.framework */ = {isa = PBXFileReference; explicitFileType = wrapper.framework; includeInIndex = 0; path = TDDFramework.framework; sourceTree = BUILT_PRODUCTS_DIR; };
		48DB74CA25FE925E00A23285 /* TDDFramework.h */ = {isa = PBXFileReference; lastKnownFileType = sourcecode.c.h; path = TDDFramework.h; sourceTree = "<group>"; };
		48DB74CB25FE925E00A23285 /* Info.plist */ = {isa = PBXFileReference; lastKnownFileType = text.plist.xml; path = Info.plist; sourceTree = "<group>"; };
		48DB74D025FE925E00A23285 /* TDDFrameworkTests.xctest */ = {isa = PBXFileReference; explicitFileType = wrapper.cfbundle; includeInIndex = 0; path = TDDFrameworkTests.xctest; sourceTree = BUILT_PRODUCTS_DIR; };
		48DB74D525FE925E00A23285 /* TDDFrameworkTests.swift */ = {isa = PBXFileReference; lastKnownFileType = sourcecode.swift; path = TDDFrameworkTests.swift; sourceTree = "<group>"; };
		48DB74D725FE925E00A23285 /* Info.plist */ = {isa = PBXFileReference; lastKnownFileType = text.plist.xml; path = Info.plist; sourceTree = "<group>"; };
/* End PBXFileReference section */

/* Begin PBXFrameworksBuildPhase section */
		48DB74C425FE925E00A23285 /* Frameworks */ = {
			isa = PBXFrameworksBuildPhase;
			buildActionMask = 2147483647;
			files = (
			);
			runOnlyForDeploymentPostprocessing = 0;
		};
		48DB74CD25FE925E00A23285 /* Frameworks */ = {
			isa = PBXFrameworksBuildPhase;
			buildActionMask = 2147483647;
			files = (
				48DB74D125FE925E00A23285 /* TDDFramework.framework in Frameworks */,
			);
			runOnlyForDeploymentPostprocessing = 0;
		};
/* End PBXFrameworksBuildPhase section */

/* Begin PBXGroup section */
		48DB74BD25FE925E00A23285 = {
			isa = PBXGroup;
			children = (
				48DB74C925FE925E00A23285 /* TDDFramework */,
				48DB74D425FE925E00A23285 /* TDDFrameworkTests */,
				48DB74C825FE925E00A23285 /* Products */,
			);
			sourceTree = "<group>";
		};
		48DB74C825FE925E00A23285 /* Products */ = {
			isa = PBXGroup;
			children = (
				48DB74C725FE925E00A23285 /* TDDFramework.framework */,
				48DB74D025FE925E00A23285 /* TDDFrameworkTests.xctest */,
			);
			name = Products;
			sourceTree = "<group>";
		};
		48DB74C925FE925E00A23285 /* TDDFramework */ = {
			isa = PBXGroup;
			children = (
				48DB74CA25FE925E00A23285 /* TDDFramework.h */,
				48DB74CB25FE925E00A23285 /* Info.plist */,
			);
			path = TDDFramework;
			sourceTree = "<group>";
		};
		48DB74D425FE925E00A23285 /* TDDFrameworkTests */ = {
			isa = PBXGroup;
			children = (
				48DB74D525FE925E00A23285 /* TDDFrameworkTests.swift */,
				48DB74D725FE925E00A23285 /* Info.plist */,
			);
			path = TDDFrameworkTests;
			sourceTree = "<group>";
		};
/* End PBXGroup section */

/* Begin PBXHeadersBuildPhase section */
		48DB74C225FE925E00A23285 /* Headers */ = {
			isa = PBXHeadersBuildPhase;
			buildActionMask = 2147483647;
			files = (
				48DB74D825FE925E00A23285 /* TDDFramework.h in Headers */,
			);
			runOnlyForDeploymentPostprocessing = 0;
		};
/* End PBXHeadersBuildPhase section */

/* Begin PBXNativeTarget section */
		48DB74C625FE925E00A23285 /* TDDFramework */ = {
			isa = PBXNativeTarget;
			buildConfigurationList = 48DB74DB25FE925E00A23285 /* Build configuration list for PBXNativeTarget "TDDFramework" */;
			buildPhases = (
				48DB74C225FE925E00A23285 /* Headers */,
				48DB74C325FE925E00A23285 /* Sources */,
				48DB74C425FE925E00A23285 /* Frameworks */,
				48DB74C525FE925E00A23285 /* Resources */,
			);
			buildRules = (
			);
			dependencies = (
			);
			name = TDDFramework;
			productName = TDDFramework;
			productReference = 48DB74C725FE925E00A23285 /* TDDFramework.framework */;
			productType = "com.apple.product-type.framework";
		};
		48DB74CF25FE925E00A23285 /* TDDFrameworkTests */ = {
			isa = PBXNativeTarget;
			buildConfigurationList = 48DB74DE25FE925E00A23285 /* Build configuration list for PBXNativeTarget "TDDFrameworkTests" */;
			buildPhases = (
				48DB74CC25FE925E00A23285 /* Sources */,
				48DB74CD25FE925E00A23285 /* Frameworks */,
				48DB74CE25FE925E00A23285 /* Resources */,
			);
			buildRules = (
			);
			dependencies = (
				48DB74D325FE925E00A23285 /* PBXTargetDependency */,
			);
			name = TDDFrameworkTests;
			productName = TDDFrameworkTests;
			productReference = 48DB74D025FE925E00A23285 /* TDDFrameworkTests.xctest */;
			productType = "com.apple.product-type.bundle.unit-test";
		};
/* End PBXNativeTarget section */

/* Begin PBXProject section */
		48DB74BE25FE925E00A23285 /* Project object */ = {
			isa = PBXProject;
			attributes = {
				LastSwiftUpdateCheck = 1240;
				LastUpgradeCheck = 1240;
				TargetAttributes = {
					48DB74C625FE925E00A23285 = {
						CreatedOnToolsVersion = 12.4;
					};
					48DB74CF25FE925E00A23285 = {
						CreatedOnToolsVersion = 12.4;
					};
				};
			};
			buildConfigurationList = 48DB74C125FE925E00A23285 /* Build configuration list for PBXProject "TDDFramework" */;
			compatibilityVersion = "Xcode 9.3";
			developmentRegion = en;
			hasScannedForEncodings = 0;
			knownRegions = (
				en,
				Base,
			);
			mainGroup = 48DB74BD25FE925E00A23285;
			productRefGroup = 48DB74C825FE925E00A23285 /* Products */;
			projectDirPath = "";
			projectRoot = "";
			targets = (
				48DB74C625FE925E00A23285 /* TDDFramework */,
				48DB74CF25FE925E00A23285 /* TDDFrameworkTests */,
			);
		};
/* End PBXProject section */

/* Begin PBXResourcesBuildPhase section */
		48DB74C525FE925E00A23285 /* Resources */ = {
			isa = PBXResourcesBuildPhase;
			buildActionMask = 2147483647;
			files = (
			);
			runOnlyForDeploymentPostprocessing = 0;
		};
		48DB74CE25FE925E00A23285 /* Resources */ = {
			isa = PBXResourcesBuildPhase;
			buildActionMask = 2147483647;
			files = (
			);
			runOnlyForDeploymentPostprocessing = 0;
		};
/* End PBXResourcesBuildPhase section */

/* Begin PBXSourcesBuildPhase section */
		48DB74C325FE925E00A23285 /* Sources */ = {
			isa = PBXSourcesBuildPhase;
			buildActionMask = 2147483647;
			files = (
			);
			runOnlyForDeploymentPostprocessing = 0;
		};
		48DB74CC25FE925E00A23285 /* Sources */ = {
			isa = PBXSourcesBuildPhase;
			buildActionMask = 2147483647;
			files = (
				48DB74D625FE925E00A23285 /* TDDFrameworkTests.swift in Sources */,
			);
			runOnlyForDeploymentPostprocessing = 0;
		};
/* End PBXSourcesBuildPhase section */

/* Begin PBXTargetDependency section */
		48DB74D325FE925E00A23285 /* PBXTargetDependency */ = {
			isa = PBXTargetDependency;
			target = 48DB74C625FE925E00A23285 /* TDDFramework */;
			targetProxy = 48DB74D225FE925E00A23285 /* PBXContainerItemProxy */;
		};
/* End PBXTargetDependency section */

/* Begin XCBuildConfiguration section */
		48DB74D925FE925E00A23285 /* Debug */ = {
			isa = XCBuildConfiguration;
			buildSettings = {
				ALWAYS_SEARCH_USER_PATHS = NO;
				CLANG_ANALYZER_NONNULL = YES;
				CLANG_ANALYZER_NUMBER_OBJECT_CONVERSION = YES_AGGRESSIVE;
				CLANG_CXX_LANGUAGE_STANDARD = "gnu++14";
				CLANG_CXX_LIBRARY = "libc++";
				CLANG_ENABLE_MODULES = YES;
				CLANG_ENABLE_OBJC_ARC = YES;
				CLANG_ENABLE_OBJC_WEAK = YES;
				CLANG_WARN_BLOCK_CAPTURE_AUTORELEASING = YES;
				CLANG_WARN_BOOL_CONVERSION = YES;
				CLANG_WARN_COMMA = YES;
				CLANG_WARN_CONSTANT_CONVERSION = YES;
				CLANG_WARN_DEPRECATED_OBJC_IMPLEMENTATIONS = YES;
				CLANG_WARN_DIRECT_OBJC_ISA_USAGE = YES_ERROR;
				CLANG_WARN_DOCUMENTATION_COMMENTS = YES;
				CLANG_WARN_EMPTY_BODY = YES;
				CLANG_WARN_ENUM_CONVERSION = YES;
				CLANG_WARN_INFINITE_RECURSION = YES;
				CLANG_WARN_INT_CONVERSION = YES;
				CLANG_WARN_NON_LITERAL_NULL_CONVERSION = YES;
				CLANG_WARN_OBJC_IMPLICIT_RETAIN_SELF = YES;
				CLANG_WARN_OBJC_LITERAL_CONVERSION = YES;
				CLANG_WARN_OBJC_ROOT_CLASS = YES_ERROR;
				CLANG_WARN_QUOTED_INCLUDE_IN_FRAMEWORK_HEADER = YES;
				CLANG_WARN_RANGE_LOOP_ANALYSIS = YES;
				CLANG_WARN_STRICT_PROTOTYPES = YES;
				CLANG_WARN_SUSPICIOUS_MOVE = YES;
				CLANG_WARN_UNGUARDED_AVAILABILITY = YES_AGGRESSIVE;
				CLANG_WARN_UNREACHABLE_CODE = YES;
				CLANG_WARN__DUPLICATE_METHOD_MATCH = YES;
				COPY_PHASE_STRIP = NO;
				CURRENT_PROJECT_VERSION = 1;
				DEBUG_INFORMATION_FORMAT = dwarf;
				ENABLE_STRICT_OBJC_MSGSEND = YES;
				ENABLE_TESTABILITY = YES;
				GCC_C_LANGUAGE_STANDARD = gnu11;
				GCC_DYNAMIC_NO_PIC = NO;
				GCC_NO_COMMON_BLOCKS = YES;
				GCC_OPTIMIZATION_LEVEL = 0;
				GCC_PREPROCESSOR_DEFINITIONS = (
					"DEBUG=1",
					"$(inherited)",
				);
				GCC_WARN_64_TO_32_BIT_CONVERSION = YES;
				GCC_WARN_ABOUT_RETURN_TYPE = YES_ERROR;
				GCC_WARN_UNDECLARED_SELECTOR = YES;
				GCC_WARN_UNINITIALIZED_AUTOS = YES_AGGRESSIVE;
				GCC_WARN_UNUSED_FUNCTION = YES;
				GCC_WARN_UNUSED_VARIABLE = YES;
				MACOSX_DEPLOYMENT_TARGET = 10.15;
				MTL_ENABLE_DEBUG_INFO = INCLUDE_SOURCE;
				MTL_FAST_MATH = YES;
				ONLY_ACTIVE_ARCH = YES;
				SDKROOT = macosx;
				SWIFT_ACTIVE_COMPILATION_CONDITIONS = DEBUG;
				SWIFT_OPTIMIZATION_LEVEL = "-Onone";
				VERSIONING_SYSTEM = "apple-generic";
				VERSION_INFO_PREFIX = "";
			};
			name = Debug;
		};
		48DB74DA25FE925E00A23285 /* Release */ = {
			isa = XCBuildConfiguration;
			buildSettings = {
				ALWAYS_SEARCH_USER_PATHS = NO;
				CLANG_ANALYZER_NONNULL = YES;
				CLANG_ANALYZER_NUMBER_OBJECT_CONVERSION = YES_AGGRESSIVE;
				CLANG_CXX_LANGUAGE_STANDARD = "gnu++14";
				CLANG_CXX_LIBRARY = "libc++";
				CLANG_ENABLE_MODULES = YES;
				CLANG_ENABLE_OBJC_ARC = YES;
				CLANG_ENABLE_OBJC_WEAK = YES;
				CLANG_WARN_BLOCK_CAPTURE_AUTORELEASING = YES;
				CLANG_WARN_BOOL_CONVERSION = YES;
				CLANG_WARN_COMMA = YES;
				CLANG_WARN_CONSTANT_CONVERSION = YES;
				CLANG_WARN_DEPRECATED_OBJC_IMPLEMENTATIONS = YES;
				CLANG_WARN_DIRECT_OBJC_ISA_USAGE = YES_ERROR;
				CLANG_WARN_DOCUMENTATION_COMMENTS = YES;
				CLANG_WARN_EMPTY_BODY = YES;
				CLANG_WARN_ENUM_CONVERSION = YES;
				CLANG_WARN_INFINITE_RECURSION = YES;
				CLANG_WARN_INT_CONVERSION = YES;
				CLANG_WARN_NON_LITERAL_NULL_CONVERSION = YES;
				CLANG_WARN_OBJC_IMPLICIT_RETAIN_SELF = YES;
				CLANG_WARN_OBJC_LITERAL_CONVERSION = YES;
				CLANG_WARN_OBJC_ROOT_CLASS = YES_ERROR;
				CLANG_WARN_QUOTED_INCLUDE_IN_FRAMEWORK_HEADER = YES;
				CLANG_WARN_RANGE_LOOP_ANALYSIS = YES;
				CLANG_WARN_STRICT_PROTOTYPES = YES;
				CLANG_WARN_SUSPICIOUS_MOVE = YES;
				CLANG_WARN_UNGUARDED_AVAILABILITY = YES_AGGRESSIVE;
				CLANG_WARN_UNREACHABLE_CODE = YES;
				CLANG_WARN__DUPLICATE_METHOD_MATCH = YES;
				COPY_PHASE_STRIP = NO;
				CURRENT_PROJECT_VERSION = 1;
				DEBUG_INFORMATION_FORMAT = "dwarf-with-dsym";
				ENABLE_NS_ASSERTIONS = NO;
				ENABLE_STRICT_OBJC_MSGSEND = YES;
				GCC_C_LANGUAGE_STANDARD = gnu11;
				GCC_NO_COMMON_BLOCKS = YES;
				GCC_WARN_64_TO_32_BIT_CONVERSION = YES;
				GCC_WARN_ABOUT_RETURN_TYPE = YES_ERROR;
				GCC_WARN_UNDECLARED_SELECTOR = YES;
				GCC_WARN_UNINITIALIZED_AUTOS = YES_AGGRESSIVE;
				GCC_WARN_UNUSED_FUNCTION = YES;
				GCC_WARN_UNUSED_VARIABLE = YES;
				MACOSX_DEPLOYMENT_TARGET = 10.15;
				MTL_ENABLE_DEBUG_INFO = NO;
				MTL_FAST_MATH = YES;
				SDKROOT = macosx;
				SWIFT_COMPILATION_MODE = wholemodule;
				SWIFT_OPTIMIZATION_LEVEL = "-O";
				VERSIONING_SYSTEM = "apple-generic";
				VERSION_INFO_PREFIX = "";
			};
			name = Release;
		};
		48DB74DC25FE925E00A23285 /* Debug */ = {
			isa = XCBuildConfiguration;
			buildSettings = {
				CODE_SIGN_STYLE = Automatic;
				COMBINE_HIDPI_IMAGES = YES;
				DEFINES_MODULE = YES;
				DYLIB_COMPATIBILITY_VERSION = 1;
				DYLIB_CURRENT_VERSION = 1;
				DYLIB_INSTALL_NAME_BASE = "@rpath";
				INFOPLIST_FILE = TDDFramework/Info.plist;
				INSTALL_PATH = "$(LOCAL_LIBRARY_DIR)/Frameworks";
				LD_RUNPATH_SEARCH_PATHS = (
					"$(inherited)",
					"@executable_path/../Frameworks",
					"@loader_path/Frameworks",
				);
				PRODUCT_BUNDLE_IDENTIFIER = org.qualitycoding.TDDFramework;
				PRODUCT_NAME = "$(TARGET_NAME:c99extidentifier)";
				SKIP_INSTALL = YES;
				SWIFT_VERSION = 5.0;
			};
			name = Debug;
		};
		48DB74DD25FE925E00A23285 /* Release */ = {
			isa = XCBuildConfiguration;
			buildSettings = {
				CODE_SIGN_STYLE = Automatic;
				COMBINE_HIDPI_IMAGES = YES;
				DEFINES_MODULE = YES;
				DYLIB_COMPATIBILITY_VERSION = 1;
				DYLIB_CURRENT_VERSION = 1;
				DYLIB_INSTALL_NAME_BASE = "@rpath";
				INFOPLIST_FILE = TDDFramework/Info.plist;
				INSTALL_PATH = "$(LOCAL_LIBRARY_DIR)/Frameworks";
				LD_RUNPATH_SEARCH_PATHS = (
					"$(inherited)",
					"@executable_path/../Frameworks",
					"@loader_path/Frameworks",
				);
				PRODUCT_BUNDLE_IDENTIFIER = org.qualitycoding.TDDFramework;
				PRODUCT_NAME = "$(TARGET_NAME:c99extidentifier)";
				SKIP_INSTALL = YES;
				SWIFT_VERSION = 5.0;
			};
			name = Release;
		};
		48DB74DF25FE925E00A23285 /* Debug */ = {
			isa = XCBuildConfiguration;
			buildSettings = {
				CODE_SIGN_STYLE = Automatic;
				COMBINE_HIDPI_IMAGES = YES;
				INFOPLIST_FILE = TDDFrameworkTests/Info.plist;
				LD_RUNPATH_SEARCH_PATHS = (
					"$(inherited)",
					"@executable_path/../Frameworks",
					"@loader_path/../Frameworks",
				);
				PRODUCT_BUNDLE_IDENTIFIER = org.qualitycoding.TDDFrameworkTests;
				PRODUCT_NAME = "$(TARGET_NAME)";
				SWIFT_VERSION = 5.0;
			};
			name = Debug;
		};
		48DB74E025FE925E00A23285 /* Release */ = {
			isa = XCBuildConfiguration;
			buildSettings = {
				CODE_SIGN_STYLE = Automatic;
				COMBINE_HIDPI_IMAGES = YES;
				INFOPLIST_FILE = TDDFrameworkTests/Info.plist;
				LD_RUNPATH_SEARCH_PATHS = (
					"$(inherited)",
					"@executable_path/../Frameworks",
					"@loader_path/../Frameworks",
				);
				PRODUCT_BUNDLE_IDENTIFIER = org.qualitycoding.TDDFrameworkTests;
				PRODUCT_NAME = "$(TARGET_NAME)";
				SWIFT_VERSION = 5.0;
			};
			name = Release;
		};
/* End XCBuildConfiguration section */

/* Begin XCConfigurationList section */
		48DB74C125FE925E00A23285 /* Build configuration list for PBXProject "TDDFramework" */ = {
			isa = XCConfigurationList;
			buildConfigurations = (
				48DB74D925FE925E00A23285 /* Debug */,
				48DB74DA25FE925E00A23285 /* Release */,
			);
			defaultConfigurationIsVisible = 0;
			defaultConfigurationName = Release;
		};
		48DB74DB25FE925E00A23285 /* Build configuration list for PBXNativeTarget "TDDFramework" */ = {
			isa = XCConfigurationList;
			buildConfigurations = (
				48DB74DC25FE925E00A23285 /* Debug */,
				48DB74DD25FE925E00A23285 /* Release */,
			);
			defaultConfigurationIsVisible = 0;
			defaultConfigurationName = Release;
		};
		48DB74DE25FE925E00A23285 /* Build configuration list for PBXNativeTarget "TDDFrameworkTests" */ = {
			isa = XCConfigurationList;
			buildConfigurations = (
				48DB74DF25FE925E00A23285 /* Debug */,
				48DB74E025FE925E00A23285 /* Release */,
			);
			defaultConfigurationIsVisible = 0;
			defaultConfigurationName = Release;
		};
/* End XCConfigurationList section */
	};
	rootObject = 48DB74BE25FE925E00A23285 /* Project object */;
}
